Microsoft Visual Studio Solution File, Format Version 11.00
# Visual Studio 2008

Project("{E7CC212C-D5F8-2D96-C9AD-96E5235E69E2}") = "VirusZip", "Assembly-CSharp.csproj", "{BBF5DFEF-5EC6-4AFB-B7CC-CA215EDAAB85}"
EndProject
Global
	GlobalSection(SolutionConfigurationPlatforms) = preSolution
		Debug|Any CPU = Debug|Any CPU
		Release|Any CPU = Release|Any CPU
	EndGlobalSection
	GlobalSection(ProjectConfigurationPlatforms) = postSolution
		{BBF5DFEF-5EC6-4AFB-B7CC-CA215EDAAB85}.Debug|Any CPU.ActiveCfg = Debug|Any CPU
		{BBF5DFEF-5EC6-4AFB-B7CC-CA215EDAAB85}.Debug|Any CPU.Build.0 = Debug|Any CPU
		{BBF5DFEF-5EC6-4AFB-B7CC-CA215EDAAB85}.Release|Any CPU.ActiveCfg = Release|Any CPU
		{BBF5DFEF-5EC6-4AFB-B7CC-CA215EDAAB85}.Release|Any CPU.Build.0 = Release|Any CPU
	EndGlobalSection
	GlobalSection(SolutionProperties) = preSolution
		HideSolutionNode = FALSE
	EndGlobalSection
	GlobalSection(MonoDevelopProperties) = preSolution
		StartupItem = Assembly-CSharp.csproj
	EndGlobalSection
EndGlobal
